
Microsoft Visual Studio Solution File, Format Version 12.00
# Visual Studio 15
VisualStudioVersion = 15.0.28010.2046
MinimumVisualStudioVersion = 10.0.40219.1
Project("{FAE04EC0-301F-11D3-BF4B-00C04F79EFBC}") = "Kelompok06.Android", "Kelompok06\Kelompok06.Android\Kelompok06.Android.csproj", "{6BB5E178-D34D-4782-B99B-7112D7C57BB9}"
EndProject
Project("{FAE04EC0-301F-11D3-BF4B-00C04F79EFBC}") = "Kelompok06.iOS", "Kelompok06\Kelompok06.iOS\Kelompok06.iOS.csproj", "{755668EA-1EBA-4476-B1A6-4022CEDDF9E1}"
EndProject
Project("{FAE04EC0-301F-11D3-BF4B-00C04F79EFBC}") = "Kelompok06.UWP", "Kelompok06\Kelompok06.UWP\Kelompok06.UWP.csproj", "{3737C5CB-80CB-4AC5-8282-739835695568}"
EndProject
Project("{FAE04EC0-301F-11D3-BF4B-00C04F79EFBC}") = "Kelompok06", "Kelompok06\Kelompok06\Kelompok06.csproj", "{49F11D6C-65B2-4ECB-9D58-E44DFEDCDD5A}"
EndProject
Global
	GlobalSection(SolutionConfigurationPlatforms) = preSolution
		Ad-Hoc|Any CPU = Ad-Hoc|Any CPU
		Ad-Hoc|ARM = Ad-Hoc|ARM
		Ad-Hoc|iPhone = Ad-Hoc|iPhone
		Ad-Hoc|iPhoneSimulator = Ad-Hoc|iPhoneSimulator
		Ad-Hoc|x64 = Ad-Hoc|x64
		Ad-Hoc|x86 = Ad-Hoc|x86
		AppStore|Any CPU = AppStore|Any CPU
		AppStore|ARM = AppStore|ARM
		AppStore|iPhone = AppStore|iPhone
		AppStore|iPhoneSimulator = AppStore|iPhoneSimulator
		AppStore|x64 = AppStore|x64
		AppStore|x86 = AppStore|x86
		Debug|Any CPU = Debug|Any CPU
		Debug|ARM = Debug|ARM
		Debug|iPhone = Debug|iPhone
		Debug|iPhoneSimulator = Debug|iPhoneSimulator
		Debug|x64 = Debug|x64
		Debug|x86 = Debug|x86
		Release|Any CPU = Release|Any CPU
		Release|ARM = Release|ARM
		Release|iPhone = Release|iPhone
		Release|iPhoneSimulator = Release|iPhoneSimulator
		Release|x64 = Release|x64
		Release|x86 = Release|x86
	EndGlobalSection
	GlobalSection(ProjectConfigurationPlatforms) = postSolution
		{6BB5E178-D34D-4782-B99B-7112D7C57BB9}.Ad-Hoc|Any CPU.ActiveCfg = Release|Any CPU
		{6BB5E178-D34D-4782-B99B-7112D7C57BB9}.Ad-Hoc|Any CPU.Build.0 = Release|Any CPU
		{6BB5E178-D34D-4782-B99B-7112D7C57BB9}.Ad-Hoc|Any CPU.Deploy.0 = Release|Any CPU
		{6BB5E178-D34D-4782-B99B-7112D7C57BB9}.Ad-Hoc|ARM.ActiveCfg = Release|Any CPU
		{6BB5E178-D34D-4782-B99B-7112D7C57BB9}.Ad-Hoc|ARM.Build.0 = Release|Any CPU
		{6BB5E178-D34D-4782-B99B-7112D7C57BB9}.Ad-Hoc|ARM.Deploy.0 = Release|Any CPU
		{6BB5E178-D34D-4782-B99B-7112D7C57BB9}.Ad-Hoc|iPhone.ActiveCfg = Release|Any CPU
		{6BB5E178-D34D-4782-B99B-7112D7C57BB9}.Ad-Hoc|iPhone.Build.0 = Release|Any CPU
		{6BB5E178-D34D-4782-B99B-7112D7C57BB9}.Ad-Hoc|iPhone.Deploy.0 = Release|Any CPU
		{6BB5E178-D34D-4782-B99B-7112D7C57BB9}.Ad-Hoc|iPhoneSimulator.ActiveCfg = Release|Any CPU
		{6BB5E178-D34D-4782-B99B-7112D7C57BB9}.Ad-Hoc|iPhoneSimulator.Build.0 = Release|Any CPU
		{6BB5E178-D34D-4782-B99B-7112D7C57BB9}.Ad-Hoc|iPhoneSimulator.Deploy.0 = Release|Any CPU
		{6BB5E178-D34D-4782-B99B-7112D7C57BB9}.Ad-Hoc|x64.ActiveCfg = Release|Any CPU
		{6BB5E178-D34D-4782-B99B-7112D7C57BB9}.Ad-Hoc|x64.Build.0 = Release|Any CPU
		{6BB5E178-D34D-4782-B99B-7112D7C57BB9}.Ad-Hoc|x64.Deploy.0 = Release|Any CPU
		{6BB5E178-D34D-4782-B99B-7112D7C57BB9}.Ad-Hoc|x86.ActiveCfg = Release|Any CPU
		{6BB5E178-D34D-4782-B99B-7112D7C57BB9}.Ad-Hoc|x86.Build.0 = Release|Any CPU
		{6BB5E178-D34D-4782-B99B-7112D7C57BB9}.Ad-Hoc|x86.Deploy.0 = Release|Any CPU
		{6BB5E178-D34D-4782-B99B-7112D7C57BB9}.AppStore|Any CPU.ActiveCfg = Release|Any CPU
		{6BB5E178-D34D-4782-B99B-7112D7C57BB9}.AppStore|Any CPU.Build.0 = Release|Any CPU
		{6BB5E178-D34D-4782-B99B-7112D7C57BB9}.AppStore|Any CPU.Deploy.0 = Release|Any CPU
		{6BB5E178-D34D-4782-B99B-7112D7C57BB9}.AppStore|ARM.ActiveCfg = Release|Any CPU
		{6BB5E178-D34D-4782-B99B-7112D7C57BB9}.AppStore|ARM.Build.0 = Release|Any CPU
		{6BB5E178-D34D-4782-B99B-7112D7C57BB9}.AppStore|ARM.Deploy.0 = Release|Any CPU
		{6BB5E178-D34D-4782-B99B-7112D7C57BB9}.AppStore|iPhone.ActiveCfg = Release|Any CPU
		{6BB5E178-D34D-4782-B99B-7112D7C57BB9}.AppStore|iPhone.Build.0 = Release|Any CPU
		{6BB5E178-D34D-4782-B99B-7112D7C57BB9}.AppStore|iPhone.Deploy.0 = Release|Any CPU
		{6BB5E178-D34D-4782-B99B-7112D7C57BB9}.AppStore|iPhoneSimulator.ActiveCfg = Release|Any CPU
		{6BB5E178-D34D-4782-B99B-7112D7C57BB9}.AppStore|iPhoneSimulator.Build.0 = Release|Any CPU
		{6BB5E178-D34D-4782-B99B-7112D7C57BB9}.AppStore|iPhoneSimulator.Deploy.0 = Release|Any CPU
		{6BB5E178-D34D-4782-B99B-7112D7C57BB9}.AppStore|x64.ActiveCfg = Release|Any CPU
		{6BB5E178-D34D-4782-B99B-7112D7C57BB9}.AppStore|x64.Build.0 = Release|Any CPU
		{6BB5E178-D34D-4782-B99B-7112D7C57BB9}.AppStore|x64.Deploy.0 = Release|Any CPU
		{6BB5E178-D34D-4782-B99B-7112D7C57BB9}.AppStore|x86.ActiveCfg = Release|Any CPU
		{6BB5E178-D34D-4782-B99B-7112D7C57BB9}.AppStore|x86.Build.0 = Release|Any CPU
		{6BB5E178-D34D-4782-B99B-7112D7C57BB9}.AppStore|x86.Deploy.0 = Release|Any CPU
		{6BB5E178-D34D-4782-B99B-7112D7C57BB9}.Debug|Any CPU.ActiveCfg = Debug|Any CPU
		{6BB5E178-D34D-4782-B99B-7112D7C57BB9}.Debug|Any CPU.Build.0 = Debug|Any CPU
		{6BB5E178-D34D-4782-B99B-7112D7C57BB9}.Debug|Any CPU.Deploy.0 = Debug|Any CPU
		{6BB5E178-D34D-4782-B99B-7112D7C57BB9}.Debug|ARM.ActiveCfg = Debug|Any CPU
		{6BB5E178-D34D-4782-B99B-7112D7C57BB9}.Debug|ARM.Build.0 = Debug|Any CPU
		{6BB5E178-D34D-4782-B99B-7112D7C57BB9}.Debug|ARM.Deploy.0 = Debug|Any CPU
		{6BB5E178-D34D-4782-B99B-7112D7C57BB9}.Debug|iPhone.ActiveCfg = Debug|Any CPU
		{6BB5E178-D34D-4782-B99B-7112D7C57BB9}.Debug|iPhone.Build.0 = Debug|Any CPU
		{6BB5E178-D34D-4782-B99B-7112D7C57BB9}.Debug|iPhone.Deploy.0 = Debug|Any CPU
		{6BB5E178-D34D-4782-B99B-7112D7C57BB9}.Debug|iPhoneSimulator.ActiveCfg = Debug|Any CPU
		{6BB5E178-D34D-4782-B99B-7112D7C57BB9}.Debug|iPhoneSimulator.Build.0 = Debug|Any CPU
		{6BB5E178-D34D-4782-B99B-7112D7C57BB9}.Debug|iPhoneSimulator.Deploy.0 = Debug|Any CPU
		{6BB5E178-D34D-4782-B99B-7112D7C57BB9}.Debug|x64.ActiveCfg = Debug|Any CPU
		{6BB5E178-D34D-4782-B99B-7112D7C57BB9}.Debug|x64.Build.0 = Debug|Any CPU
		{6BB5E178-D34D-4782-B99B-7112D7C57BB9}.Debug|x64.Deploy.0 = Debug|Any CPU
		{6BB5E178-D34D-4782-B99B-7112D7C57BB9}.Debug|x86.ActiveCfg = Debug|Any CPU
		{6BB5E178-D34D-4782-B99B-7112D7C57BB9}.Debug|x86.Build.0 = Debug|Any CPU
		{6BB5E178-D34D-4782-B99B-7112D7C57BB9}.Debug|x86.Deploy.0 = Debug|Any CPU
		{6BB5E178-D34D-4782-B99B-7112D7C57BB9}.Release|Any CPU.ActiveCfg = Release|Any CPU
		{6BB5E178-D34D-4782-B99B-7112D7C57BB9}.Release|Any CPU.Build.0 = Release|Any CPU
		{6BB5E178-D34D-4782-B99B-7112D7C57BB9}.Release|Any CPU.Deploy.0 = Release|Any CPU
		{6BB5E178-D34D-4782-B99B-7112D7C57BB9}.Release|ARM.ActiveCfg = Release|Any CPU
		{6BB5E178-D34D-4782-B99B-7112D7C57BB9}.Release|ARM.Build.0 = Release|Any CPU
		{6BB5E178-D34D-4782-B99B-7112D7C57BB9}.Release|ARM.Deploy.0 = Release|Any CPU
		{6BB5E178-D34D-4782-B99B-7112D7C57BB9}.Release|iPhone.ActiveCfg = Release|Any CPU
		{6BB5E178-D34D-4782-B99B-7112D7C57BB9}.Release|iPhone.Build.0 = Release|Any CPU
		{6BB5E178-D34D-4782-B99B-7112D7C57BB9}.Release|iPhone.Deploy.0 = Release|Any CPU
		{6BB5E178-D34D-4782-B99B-7112D7C57BB9}.Release|iPhoneSimulator.ActiveCfg = Release|Any CPU
		{6BB5E178-D34D-4782-B99B-7112D7C57BB9}.Release|iPhoneSimulator.Build.0 = Release|Any CPU
		{6BB5E178-D34D-4782-B99B-7112D7C57BB9}.Release|iPhoneSimulator.Deploy.0 = Release|Any CPU
		{6BB5E178-D34D-4782-B99B-7112D7C57BB9}.Release|x64.ActiveCfg = Release|Any CPU
		{6BB5E178-D34D-4782-B99B-7112D7C57BB9}.Release|x64.Build.0 = Release|Any CPU
		{6BB5E178-D34D-4782-B99B-7112D7C57BB9}.Release|x64.Deploy.0 = Release|Any CPU
		{6BB5E178-D34D-4782-B99B-7112D7C57BB9}.Release|x86.ActiveCfg = Release|Any CPU
		{6BB5E178-D34D-4782-B99B-7112D7C57BB9}.Release|x86.Build.0 = Release|Any CPU
		{6BB5E178-D34D-4782-B99B-7112D7C57BB9}.Release|x86.Deploy.0 = Release|Any CPU
		{755668EA-1EBA-4476-B1A6-4022CEDDF9E1}.Ad-Hoc|Any CPU.ActiveCfg = Ad-Hoc|iPhone
		{755668EA-1EBA-4476-B1A6-4022CEDDF9E1}.Ad-Hoc|Any CPU.Build.0 = Ad-Hoc|iPhone
		{755668EA-1EBA-4476-B1A6-4022CEDDF9E1}.Ad-Hoc|Any CPU.Deploy.0 = Ad-Hoc|iPhone
		{755668EA-1EBA-4476-B1A6-4022CEDDF9E1}.Ad-Hoc|ARM.ActiveCfg = Ad-Hoc|iPhone
		{755668EA-1EBA-4476-B1A6-4022CEDDF9E1}.Ad-Hoc|ARM.Build.0 = Ad-Hoc|iPhone
		{755668EA-1EBA-4476-B1A6-4022CEDDF9E1}.Ad-Hoc|ARM.Deploy.0 = Ad-Hoc|iPhone
		{755668EA-1EBA-4476-B1A6-4022CEDDF9E1}.Ad-Hoc|iPhone.ActiveCfg = Ad-Hoc|iPhone
		{755668EA-1EBA-4476-B1A6-4022CEDDF9E1}.Ad-Hoc|iPhone.Build.0 = Ad-Hoc|iPhone
		{755668EA-1EBA-4476-B1A6-4022CEDDF9E1}.Ad-Hoc|iPhone.Deploy.0 = Ad-Hoc|iPhone
		{755668EA-1EBA-4476-B1A6-4022CEDDF9E1}.Ad-Hoc|iPhoneSimulator.ActiveCfg = Ad-Hoc|iPhoneSimulator
		{755668EA-1EBA-4476-B1A6-4022CEDDF9E1}.Ad-Hoc|iPhoneSimulator.Build.0 = Ad-Hoc|iPhoneSimulator
		{755668EA-1EBA-4476-B1A6-4022CEDDF9E1}.Ad-Hoc|iPhoneSimulator.Deploy.0 = Ad-Hoc|iPhoneSimulator
		{755668EA-1EBA-4476-B1A6-4022CEDDF9E1}.Ad-Hoc|x64.ActiveCfg = Ad-Hoc|iPhone
		{755668EA-1EBA-4476-B1A6-4022CEDDF9E1}.Ad-Hoc|x64.Build.0 = Ad-Hoc|iPhone
		{755668EA-1EBA-4476-B1A6-4022CEDDF9E1}.Ad-Hoc|x64.Deploy.0 = Ad-Hoc|iPhone
		{755668EA-1EBA-4476-B1A6-4022CEDDF9E1}.Ad-Hoc|x86.ActiveCfg = Ad-Hoc|iPhone
		{755668EA-1EBA-4476-B1A6-4022CEDDF9E1}.Ad-Hoc|x86.Build.0 = Ad-Hoc|iPhone
		{755668EA-1EBA-4476-B1A6-4022CEDDF9E1}.Ad-Hoc|x86.Deploy.0 = Ad-Hoc|iPhone
		{755668EA-1EBA-4476-B1A6-4022CEDDF9E1}.AppStore|Any CPU.ActiveCfg = AppStore|iPhone
		{755668EA-1EBA-4476-B1A6-4022CEDDF9E1}.AppStore|Any CPU.Build.0 = AppStore|iPhone
		{755668EA-1EBA-4476-B1A6-4022CEDDF9E1}.AppStore|Any CPU.Deploy.0 = AppStore|iPhone
		{755668EA-1EBA-4476-B1A6-4022CEDDF9E1}.AppStore|ARM.ActiveCfg = AppStore|iPhone
		{755668EA-1EBA-4476-B1A6-4022CEDDF9E1}.AppStore|ARM.Build.0 = AppStore|iPhone
		{755668EA-1EBA-4476-B1A6-4022CEDDF9E1}.AppStore|ARM.Deploy.0 = AppStore|iPhone
		{755668EA-1EBA-4476-B1A6-4022CEDDF9E1}.AppStore|iPhone.ActiveCfg = AppStore|iPhone
		{755668EA-1EBA-4476-B1A6-4022CEDDF9E1}.AppStore|iPhone.Build.0 = AppStore|iPhone
		{755668EA-1EBA-4476-B1A6-4022CEDDF9E1}.AppStore|iPhone.Deploy.0 = AppStore|iPhone
		{755668EA-1EBA-4476-B1A6-4022CEDDF9E1}.AppStore|iPhoneSimulator.ActiveCfg = AppStore|iPhoneSimulator
		{755668EA-1EBA-4476-B1A6-4022CEDDF9E1}.AppStore|iPhoneSimulator.Build.0 = AppStore|iPhoneSimulator
		{755668EA-1EBA-4476-B1A6-4022CEDDF9E1}.AppStore|iPhoneSimulator.Deploy.0 = AppStore|iPhoneSimulator
		{755668EA-1EBA-4476-B1A6-4022CEDDF9E1}.AppStore|x64.ActiveCfg = AppStore|iPhone
		{755668EA-1EBA-4476-B1A6-4022CEDDF9E1}.AppStore|x64.Build.0 = AppStore|iPhone
		{755668EA-1EBA-4476-B1A6-4022CEDDF9E1}.AppStore|x64.Deploy.0 = AppStore|iPhone
		{755668EA-1EBA-4476-B1A6-4022CEDDF9E1}.AppStore|x86.ActiveCfg = AppStore|iPhone
		{755668EA-1EBA-4476-B1A6-4022CEDDF9E1}.AppStore|x86.Build.0 = AppStore|iPhone
		{755668EA-1EBA-4476-B1A6-4022CEDDF9E1}.AppStore|x86.Deploy.0 = AppStore|iPhone
		{755668EA-1EBA-4476-B1A6-4022CEDDF9E1}.Debug|Any CPU.ActiveCfg = Debug|iPhoneSimulator
		{755668EA-1EBA-4476-B1A6-4022CEDDF9E1}.Debug|Any CPU.Build.0 = Debug|iPhoneSimulator
		{755668EA-1EBA-4476-B1A6-4022CEDDF9E1}.Debug|Any CPU.Deploy.0 = Debug|iPhoneSimulator
		{755668EA-1EBA-4476-B1A6-4022CEDDF9E1}.Debug|ARM.ActiveCfg = Debug|iPhone
		{755668EA-1EBA-4476-B1A6-4022CEDDF9E1}.Debug|ARM.Build.0 = Debug|iPhone
		{755668EA-1EBA-4476-B1A6-4022CEDDF9E1}.Debug|ARM.Deploy.0 = Debug|iPhone
		{755668EA-1EBA-4476-B1A6-4022CEDDF9E1}.Debug|iPhone.ActiveCfg = Debug|iPhone
		{755668EA-1EBA-4476-B1A6-4022CEDDF9E1}.Debug|iPhone.Build.0 = Debug|iPhone
		{755668EA-1EBA-4476-B1A6-4022CEDDF9E1}.Debug|iPhone.Deploy.0 = Debug|iPhone
		{755668EA-1EBA-4476-B1A6-4022CEDDF9E1}.Debug|iPhoneSimulator.ActiveCfg = Debug|iPhoneSimulator
		{755668EA-1EBA-4476-B1A6-4022CEDDF9E1}.Debug|iPhoneSimulator.Build.0 = Debug|iPhoneSimulator
		{755668EA-1EBA-4476-B1A6-4022CEDDF9E1}.Debug|iPhoneSimulator.Deploy.0 = Debug|iPhoneSimulator
		{755668EA-1EBA-4476-B1A6-4022CEDDF9E1}.Debug|x64.ActiveCfg = Debug|iPhone
		{755668EA-1EBA-4476-B1A6-4022CEDDF9E1}.Debug|x64.Build.0 = Debug|iPhone
		{755668EA-1EBA-4476-B1A6-4022CEDDF9E1}.Debug|x64.Deploy.0 = Debug|iPhone
		{755668EA-1EBA-4476-B1A6-4022CEDDF9E1}.Debug|x86.ActiveCfg = Debug|iPhone
		{755668EA-1EBA-4476-B1A6-4022CEDDF9E1}.Debug|x86.Build.0 = Debug|iPhone
		{755668EA-1EBA-4476-B1A6-4022CEDDF9E1}.Debug|x86.Deploy.0 = Debug|iPhone
		{755668EA-1EBA-4476-B1A6-4022CEDDF9E1}.Release|Any CPU.ActiveCfg = Release|iPhone
		{755668EA-1EBA-4476-B1A6-4022CEDDF9E1}.Release|Any CPU.Build.0 = Release|iPhone
		{755668EA-1EBA-4476-B1A6-4022CEDDF9E1}.Release|Any CPU.Deploy.0 = Release|iPhone
		{755668EA-1EBA-4476-B1A6-4022CEDDF9E1}.Release|ARM.ActiveCfg = Release|iPhone
		{755668EA-1EBA-4476-B1A6-4022CEDDF9E1}.Release|ARM.Build.0 = Release|iPhone
		{755668EA-1EBA-4476-B1A6-4022CEDDF9E1}.Release|ARM.Deploy.0 = Release|iPhone
		{755668EA-1EBA-4476-B1A6-4022CEDDF9E1}.Release|iPhone.ActiveCfg = Release|iPhone
		{755668EA-1EBA-4476-B1A6-4022CEDDF9E1}.Release|iPhone.Build.0 = Release|iPhone
		{755668EA-1EBA-4476-B1A6-4022CEDDF9E1}.Release|iPhone.Deploy.0 = Release|iPhone
		{755668EA-1EBA-4476-B1A6-4022CEDDF9E1}.Release|iPhoneSimulator.ActiveCfg = Release|iPhoneSimulator
		{755668EA-1EBA-4476-B1A6-4022CEDDF9E1}.Release|iPhoneSimulator.Build.0 = Release|iPhoneSimulator
		{755668EA-1EBA-4476-B1A6-4022CEDDF9E1}.Release|iPhoneSimulator.Deploy.0 = Release|iPhoneSimulator
		{755668EA-1EBA-4476-B1A6-4022CEDDF9E1}.Release|x64.ActiveCfg = Release|iPhone
		{755668EA-1EBA-4476-B1A6-4022CEDDF9E1}.Release|x64.Build.0 = Release|iPhone
		{755668EA-1EBA-4476-B1A6-4022CEDDF9E1}.Release|x64.Deploy.0 = Release|iPhone
		{755668EA-1EBA-4476-B1A6-4022CEDDF9E1}.Release|x86.ActiveCfg = Release|iPhone
		{755668EA-1EBA-4476-B1A6-4022CEDDF9E1}.Release|x86.Build.0 = Release|iPhone
		{755668EA-1EBA-4476-B1A6-4022CEDDF9E1}.Release|x86.Deploy.0 = Release|iPhone
		{3737C5CB-80CB-4AC5-8282-739835695568}.Ad-Hoc|Any CPU.ActiveCfg = Release|x86
		{3737C5CB-80CB-4AC5-8282-739835695568}.Ad-Hoc|Any CPU.Build.0 = Release|x86
		{3737C5CB-80CB-4AC5-8282-739835695568}.Ad-Hoc|Any CPU.Deploy.0 = Release|x86
		{3737C5CB-80CB-4AC5-8282-739835695568}.Ad-Hoc|ARM.ActiveCfg = Release|ARM
		{3737C5CB-80CB-4AC5-8282-739835695568}.Ad-Hoc|ARM.Build.0 = Release|ARM
		{3737C5CB-80CB-4AC5-8282-739835695568}.Ad-Hoc|ARM.Deploy.0 = Release|ARM
		{3737C5CB-80CB-4AC5-8282-739835695568}.Ad-Hoc|iPhone.ActiveCfg = Release|x86
		{3737C5CB-80CB-4AC5-8282-739835695568}.Ad-Hoc|iPhone.Build.0 = Release|x86
		{3737C5CB-80CB-4AC5-8282-739835695568}.Ad-Hoc|iPhone.Deploy.0 = Release|x86
		{3737C5CB-80CB-4AC5-8282-739835695568}.Ad-Hoc|iPhoneSimulator.ActiveCfg = Release|x86
		{3737C5CB-80CB-4AC5-8282-739835695568}.Ad-Hoc|iPhoneSimulator.Build.0 = Release|x86
		{3737C5CB-80CB-4AC5-8282-739835695568}.Ad-Hoc|iPhoneSimulator.Deploy.0 = Release|x86
		{3737C5CB-80CB-4AC5-8282-739835695568}.Ad-Hoc|x64.ActiveCfg = Release|x64
		{3737C5CB-80CB-4AC5-8282-739835695568}.Ad-Hoc|x64.Build.0 = Release|x64
		{3737C5CB-80CB-4AC5-8282-739835695568}.Ad-Hoc|x64.Deploy.0 = Release|x64
		{3737C5CB-80CB-4AC5-8282-739835695568}.Ad-Hoc|x86.ActiveCfg = Release|x86
		{3737C5CB-80CB-4AC5-8282-739835695568}.Ad-Hoc|x86.Build.0 = Release|x86
		{3737C5CB-80CB-4AC5-8282-739835695568}.Ad-Hoc|x86.Deploy.0 = Release|x86
		{3737C5CB-80CB-4AC5-8282-739835695568}.AppStore|Any CPU.ActiveCfg = Release|x86
		{3737C5CB-80CB-4AC5-8282-739835695568}.AppStore|Any CPU.Build.0 = Release|x86
		{3737C5CB-80CB-4AC5-8282-739835695568}.AppStore|Any CPU.Deploy.0 = Release|x86
		{3737C5CB-80CB-4AC5-8282-739835695568}.AppStore|ARM.ActiveCfg = Release|ARM
		{3737C5CB-80CB-4AC5-8282-739835695568}.AppStore|ARM.Build.0 = Release|ARM
		{3737C5CB-80CB-4AC5-8282-739835695568}.AppStore|ARM.Deploy.0 = Release|ARM
		{3737C5CB-80CB-4AC5-8282-739835695568}.AppStore|iPhone.ActiveCfg = Release|x86
		{3737C5CB-80CB-4AC5-8282-739835695568}.AppStore|iPhone.Build.0 = Release|x86
		{3737C5CB-80CB-4AC5-8282-739835695568}.AppStore|iPhone.Deploy.0 = Release|x86
		{3737C5CB-80CB-4AC5-8282-739835695568}.AppStore|iPhoneSimulator.ActiveCfg = Release|x86
		{3737C5CB-80CB-4AC5-8282-739835695568}.AppStore|iPhoneSimulator.Build.0 = Release|x86
		{3737C5CB-80CB-4AC5-8282-739835695568}.AppStore|iPhoneSimulator.Deploy.0 = Release|x86
		{3737C5CB-80CB-4AC5-8282-739835695568}.AppStore|x64.ActiveCfg = Release|x64
		{3737C5CB-80CB-4AC5-8282-739835695568}.AppStore|x64.Build.0 = Release|x64
		{3737C5CB-80CB-4AC5-8282-739835695568}.AppStore|x64.Deploy.0 = Release|x64
		{3737C5CB-80CB-4AC5-8282-739835695568}.AppStore|x86.ActiveCfg = Release|x86
		{3737C5CB-80CB-4AC5-8282-739835695568}.AppStore|x86.Build.0 = Release|x86
		{3737C5CB-80CB-4AC5-8282-739835695568}.AppStore|x86.Deploy.0 = Release|x86
		{3737C5CB-80CB-4AC5-8282-739835695568}.Debug|Any CPU.ActiveCfg = Debug|x86
		{3737C5CB-80CB-4AC5-8282-739835695568}.Debug|Any CPU.Build.0 = Debug|x86
		{3737C5CB-80CB-4AC5-8282-739835695568}.Debug|Any CPU.Deploy.0 = Debug|x86
		{3737C5CB-80CB-4AC5-8282-739835695568}.Debug|ARM.ActiveCfg = Debug|ARM
		{3737C5CB-80CB-4AC5-8282-739835695568}.Debug|ARM.Build.0 = Debug|ARM
		{3737C5CB-80CB-4AC5-8282-739835695568}.Debug|ARM.Deploy.0 = Debug|ARM
		{3737C5CB-80CB-4AC5-8282-739835695568}.Debug|iPhone.ActiveCfg = Debug|x86
		{3737C5CB-80CB-4AC5-8282-739835695568}.Debug|iPhone.Build.0 = Debug|x86
		{3737C5CB-80CB-4AC5-8282-739835695568}.Debug|iPhone.Deploy.0 = Debug|x86
		{3737C5CB-80CB-4AC5-8282-739835695568}.Debug|iPhoneSimulator.ActiveCfg = Debug|x86
		{3737C5CB-80CB-4AC5-8282-739835695568}.Debug|iPhoneSimulator.Build.0 = Debug|x86
		{3737C5CB-80CB-4AC5-8282-739835695568}.Debug|iPhoneSimulator.Deploy.0 = Debug|x86
		{3737C5CB-80CB-4AC5-8282-739835695568}.Debug|x64.ActiveCfg = Debug|x64
		{3737C5CB-80CB-4AC5-8282-739835695568}.Debug|x64.Build.0 = Debug|x64
		{3737C5CB-80CB-4AC5-8282-739835695568}.Debug|x64.Deploy.0 = Debug|x64
		{3737C5CB-80CB-4AC5-8282-739835695568}.Debug|x86.ActiveCfg = Debug|x86
		{3737C5CB-80CB-4AC5-8282-739835695568}.Debug|x86.Build.0 = Debug|x86
		{3737C5CB-80CB-4AC5-8282-739835695568}.Debug|x86.Deploy.0 = Debug|x86
		{3737C5CB-80CB-4AC5-8282-739835695568}.Release|Any CPU.ActiveCfg = Release|x86
		{3737C5CB-80CB-4AC5-8282-739835695568}.Release|Any CPU.Build.0 = Release|x86
		{3737C5CB-80CB-4AC5-8282-739835695568}.Release|Any CPU.Deploy.0 = Release|x86
		{3737C5CB-80CB-4AC5-8282-739835695568}.Release|ARM.ActiveCfg = Release|ARM
		{3737C5CB-80CB-4AC5-8282-739835695568}.Release|ARM.Build.0 = Release|ARM
		{3737C5CB-80CB-4AC5-8282-739835695568}.Release|ARM.Deploy.0 = Release|ARM
		{3737C5CB-80CB-4AC5-8282-739835695568}.Release|iPhone.ActiveCfg = Release|x86
		{3737C5CB-80CB-4AC5-8282-739835695568}.Release|iPhone.Build.0 = Release|x86
		{3737C5CB-80CB-4AC5-8282-739835695568}.Release|iPhone.Deploy.0 = Release|x86
		{3737C5CB-80CB-4AC5-8282-739835695568}.Release|iPhoneSimulator.ActiveCfg = Release|x86
		{3737C5CB-80CB-4AC5-8282-739835695568}.Release|iPhoneSimulator.Build.0 = Release|x86
		{3737C5CB-80CB-4AC5-8282-739835695568}.Release|iPhoneSimulator.Deploy.0 = Release|x86
		{3737C5CB-80CB-4AC5-8282-739835695568}.Release|x64.ActiveCfg = Release|x64
		{3737C5CB-80CB-4AC5-8282-739835695568}.Release|x64.Build.0 = Release|x64
		{3737C5CB-80CB-4AC5-8282-739835695568}.Release|x64.Deploy.0 = Release|x64
		{3737C5CB-80CB-4AC5-8282-739835695568}.Release|x86.ActiveCfg = Release|x86
		{3737C5CB-80CB-4AC5-8282-739835695568}.Release|x86.Build.0 = Release|x86
		{3737C5CB-80CB-4AC5-8282-739835695568}.Release|x86.Deploy.0 = Release|x86
		{49F11D6C-65B2-4ECB-9D58-E44DFEDCDD5A}.Ad-Hoc|Any CPU.ActiveCfg = Debug|Any CPU
		{49F11D6C-65B2-4ECB-9D58-E44DFEDCDD5A}.Ad-Hoc|Any CPU.Build.0 = Debug|Any CPU
		{49F11D6C-65B2-4ECB-9D58-E44DFEDCDD5A}.Ad-Hoc|Any CPU.Deploy.0 = Debug|Any CPU
		{49F11D6C-65B2-4ECB-9D58-E44DFEDCDD5A}.Ad-Hoc|ARM.ActiveCfg = Debug|Any CPU
		{49F11D6C-65B2-4ECB-9D58-E44DFEDCDD5A}.Ad-Hoc|ARM.Build.0 = Debug|Any CPU
		{49F11D6C-65B2-4ECB-9D58-E44DFEDCDD5A}.Ad-Hoc|ARM.Deploy.0 = Debug|Any CPU
		{49F11D6C-65B2-4ECB-9D58-E44DFEDCDD5A}.Ad-Hoc|iPhone.ActiveCfg = Debug|Any CPU
		{49F11D6C-65B2-4ECB-9D58-E44DFEDCDD5A}.Ad-Hoc|iPhone.Build.0 = Debug|Any CPU
		{49F11D6C-65B2-4ECB-9D58-E44DFEDCDD5A}.Ad-Hoc|iPhone.Deploy.0 = Debug|Any CPU
		{49F11D6C-65B2-4ECB-9D58-E44DFEDCDD5A}.Ad-Hoc|iPhoneSimulator.ActiveCfg = Debug|Any CPU
		{49F11D6C-65B2-4ECB-9D58-E44DFEDCDD5A}.Ad-Hoc|iPhoneSimulator.Build.0 = Debug|Any CPU
		{49F11D6C-65B2-4ECB-9D58-E44DFEDCDD5A}.Ad-Hoc|iPhoneSimulator.Deploy.0 = Debug|Any CPU
		{49F11D6C-65B2-4ECB-9D58-E44DFEDCDD5A}.Ad-Hoc|x64.ActiveCfg = Debug|Any CPU
		{49F11D6C-65B2-4ECB-9D58-E44DFEDCDD5A}.Ad-Hoc|x64.Build.0 = Debug|Any CPU
		{49F11D6C-65B2-4ECB-9D58-E44DFEDCDD5A}.Ad-Hoc|x64.Deploy.0 = Debug|Any CPU
		{49F11D6C-65B2-4ECB-9D58-E44DFEDCDD5A}.Ad-Hoc|x86.ActiveCfg = Debug|Any CPU
		{49F11D6C-65B2-4ECB-9D58-E44DFEDCDD5A}.Ad-Hoc|x86.Build.0 = Debug|Any CPU
		{49F11D6C-65B2-4ECB-9D58-E44DFEDCDD5A}.Ad-Hoc|x86.Deploy.0 = Debug|Any CPU
		{49F11D6C-65B2-4ECB-9D58-E44DFEDCDD5A}.AppStore|Any CPU.ActiveCfg = Debug|Any CPU
		{49F11D6C-65B2-4ECB-9D58-E44DFEDCDD5A}.AppStore|Any CPU.Build.0 = Debug|Any CPU
		{49F11D6C-65B2-4ECB-9D58-E44DFEDCDD5A}.AppStore|Any CPU.Deploy.0 = Debug|Any CPU
		{49F11D6C-65B2-4ECB-9D58-E44DFEDCDD5A}.AppStore|ARM.ActiveCfg = Debug|Any CPU
		{49F11D6C-65B2-4ECB-9D58-E44DFEDCDD5A}.AppStore|ARM.Build.0 = Debug|Any CPU
		{49F11D6C-65B2-4ECB-9D58-E44DFEDCDD5A}.AppStore|ARM.Deploy.0 = Debug|Any CPU
		{49F11D6C-65B2-4ECB-9D58-E44DFEDCDD5A}.AppStore|iPhone.ActiveCfg = Debug|Any CPU
		{49F11D6C-65B2-4ECB-9D58-E44DFEDCDD5A}.AppStore|iPhone.Build.0 = Debug|Any CPU
		{49F11D6C-65B2-4ECB-9D58-E44DFEDCDD5A}.AppStore|iPhone.Deploy.0 = Debug|Any CPU
		{49F11D6C-65B2-4ECB-9D58-E44DFEDCDD5A}.AppStore|iPhoneSimulator.ActiveCfg = Debug|Any CPU
		{49F11D6C-65B2-4ECB-9D58-E44DFEDCDD5A}.AppStore|iPhoneSimulator.Build.0 = Debug|Any CPU
		{49F11D6C-65B2-4ECB-9D58-E44DFEDCDD5A}.AppStore|iPhoneSimulator.Deploy.0 = Debug|Any CPU
		{49F11D6C-65B2-4ECB-9D58-E44DFEDCDD5A}.AppStore|x64.ActiveCfg = Debug|Any CPU
		{49F11D6C-65B2-4ECB-9D58-E44DFEDCDD5A}.AppStore|x64.Build.0 = Debug|Any CPU
		{49F11D6C-65B2-4ECB-9D58-E44DFEDCDD5A}.AppStore|x64.Deploy.0 = Debug|Any CPU
		{49F11D6C-65B2-4ECB-9D58-E44DFEDCDD5A}.AppStore|x86.ActiveCfg = Debug|Any CPU
		{49F11D6C-65B2-4ECB-9D58-E44DFEDCDD5A}.AppStore|x86.Build.0 = Debug|Any CPU
		{49F11D6C-65B2-4ECB-9D58-E44DFEDCDD5A}.AppStore|x86.Deploy.0 = Debug|Any CPU
		{49F11D6C-65B2-4ECB-9D58-E44DFEDCDD5A}.Debug|Any CPU.ActiveCfg = Debug|Any CPU
		{49F11D6C-65B2-4ECB-9D58-E44DFEDCDD5A}.Debug|Any CPU.Build.0 = Debug|Any CPU
		{49F11D6C-65B2-4ECB-9D58-E44DFEDCDD5A}.Debug|Any CPU.Deploy.0 = Debug|Any CPU
		{49F11D6C-65B2-4ECB-9D58-E44DFEDCDD5A}.Debug|ARM.ActiveCfg = Debug|Any CPU
		{49F11D6C-65B2-4ECB-9D58-E44DFEDCDD5A}.Debug|ARM.Build.0 = Debug|Any CPU
		{49F11D6C-65B2-4ECB-9D58-E44DFEDCDD5A}.Debug|ARM.Deploy.0 = Debug|Any CPU
		{49F11D6C-65B2-4ECB-9D58-E44DFEDCDD5A}.Debug|iPhone.ActiveCfg = Debug|Any CPU
		{49F11D6C-65B2-4ECB-9D58-E44DFEDCDD5A}.Debug|iPhone.Build.0 = Debug|Any CPU
		{49F11D6C-65B2-4ECB-9D58-E44DFEDCDD5A}.Debug|iPhone.Deploy.0 = Debug|Any CPU
		{49F11D6C-65B2-4ECB-9D58-E44DFEDCDD5A}.Debug|iPhoneSimulator.ActiveCfg = Debug|Any CPU
		{49F11D6C-65B2-4ECB-9D58-E44DFEDCDD5A}.Debug|iPhoneSimulator.Build.0 = Debug|Any CPU
		{49F11D6C-65B2-4ECB-9D58-E44DFEDCDD5A}.Debug|iPhoneSimulator.Deploy.0 = Debug|Any CPU
		{49F11D6C-65B2-4ECB-9D58-E44DFEDCDD5A}.Debug|x64.ActiveCfg = Debug|Any CPU
		{49F11D6C-65B2-4ECB-9D58-E44DFEDCDD5A}.Debug|x64.Build.0 = Debug|Any CPU
		{49F11D6C-65B2-4ECB-9D58-E44DFEDCDD5A}.Debug|x64.Deploy.0 = Debug|Any CPU
		{49F11D6C-65B2-4ECB-9D58-E44DFEDCDD5A}.Debug|x86.ActiveCfg = Debug|Any CPU
		{49F11D6C-65B2-4ECB-9D58-E44DFEDCDD5A}.Debug|x86.Build.0 = Debug|Any CPU
		{49F11D6C-65B2-4ECB-9D58-E44DFEDCDD5A}.Debug|x86.Deploy.0 = Debug|Any CPU
		{49F11D6C-65B2-4ECB-9D58-E44DFEDCDD5A}.Release|Any CPU.ActiveCfg = Release|Any CPU
		{49F11D6C-65B2-4ECB-9D58-E44DFEDCDD5A}.Release|Any CPU.Build.0 = Release|Any CPU
		{49F11D6C-65B2-4ECB-9D58-E44DFEDCDD5A}.Release|Any CPU.Deploy.0 = Release|Any CPU
		{49F11D6C-65B2-4ECB-9D58-E44DFEDCDD5A}.Release|ARM.ActiveCfg = Release|Any CPU
		{49F11D6C-65B2-4ECB-9D58-E44DFEDCDD5A}.Release|ARM.Build.0 = Release|Any CPU
		{49F11D6C-65B2-4ECB-9D58-E44DFEDCDD5A}.Release|ARM.Deploy.0 = Release|Any CPU
		{49F11D6C-65B2-4ECB-9D58-E44DFEDCDD5A}.Release|iPhone.ActiveCfg = Release|Any CPU
		{49F11D6C-65B2-4ECB-9D58-E44DFEDCDD5A}.Release|iPhone.Build.0 = Release|Any CPU
		{49F11D6C-65B2-4ECB-9D58-E44DFEDCDD5A}.Release|iPhone.Deploy.0 = Release|Any CPU
		{49F11D6C-65B2-4ECB-9D58-E44DFEDCDD5A}.Release|iPhoneSimulator.ActiveCfg = Release|Any CPU
		{49F11D6C-65B2-4ECB-9D58-E44DFEDCDD5A}.Release|iPhoneSimulator.Build.0 = Release|Any CPU
		{49F11D6C-65B2-4ECB-9D58-E44DFEDCDD5A}.Release|iPhoneSimulator.Deploy.0 = Release|Any CPU
		{49F11D6C-65B2-4ECB-9D58-E44DFEDCDD5A}.Release|x64.ActiveCfg = Release|Any CPU
		{49F11D6C-65B2-4ECB-9D58-E44DFEDCDD5A}.Release|x64.Build.0 = Release|Any CPU
		{49F11D6C-65B2-4ECB-9D58-E44DFEDCDD5A}.Release|x64.Deploy.0 = Release|Any CPU
		{49F11D6C-65B2-4ECB-9D58-E44DFEDCDD5A}.Release|x86.ActiveCfg = Release|Any CPU
		{49F11D6C-65B2-4ECB-9D58-E44DFEDCDD5A}.Release|x86.Build.0 = Release|Any CPU
		{49F11D6C-65B2-4ECB-9D58-E44DFEDCDD5A}.Release|x86.Deploy.0 = Release|Any CPU
	EndGlobalSection
	GlobalSection(SolutionProperties) = preSolution
		HideSolutionNode = FALSE
	EndGlobalSection
	GlobalSection(ExtensibilityGlobals) = postSolution
		SolutionGuid = {9A31F7DF-16B4-46C5-B7A1-7C7C29B0FE38}
	EndGlobalSection
EndGlobal
